
Microsoft Visual Studio Solution File, Format Version 12.00
# Visual Studio Version 17
VisualStudioVersion = 17.9.34622.214
MinimumVisualStudioVersion = 10.0.40219.1
Project("{FAE04EC0-301F-11D3-BF4B-00C04F79EFBC}") = "Project", "Project\Project.csproj", "{14C463E8-282F-44FA-A66C-088BDD965DEC}"
EndProject
Project("{FAE04EC0-301F-11D3-BF4B-00C04F79EFBC}") = "Project.Core", "Project.Core\Project.Core.csproj", "{7B3E1CE5-D0C0-43A4-8062-F394E385B201}"
EndProject
Project("{FAE04EC0-301F-11D3-BF4B-00C04F79EFBC}") = "Project.Data", "Project.Data\Project.Data.csproj", "{024360CF-E025-417E-932F-DB0ADA1E1BC1}"
EndProject
Project("{FAE04EC0-301F-11D3-BF4B-00C04F79EFBC}") = "Project.Service", "Project.Service\Project.Service.csproj", "{A621AC0C-20B4-4F9B-8FE7-F8DD6AAE0299}"
EndProject
Global
	GlobalSection(SolutionConfigurationPlatforms) = preSolution
		Debug|Any CPU = Debug|Any CPU
		Release|Any CPU = Release|Any CPU
	EndGlobalSection
	GlobalSection(ProjectConfigurationPlatforms) = postSolution
		{14C463E8-282F-44FA-A66C-088BDD965DEC}.Debug|Any CPU.ActiveCfg = Debug|Any CPU
		{14C463E8-282F-44FA-A66C-088BDD965DEC}.Debug|Any CPU.Build.0 = Debug|Any CPU
		{14C463E8-282F-44FA-A66C-088BDD965DEC}.Release|Any CPU.ActiveCfg = Release|Any CPU
		{14C463E8-282F-44FA-A66C-088BDD965DEC}.Release|Any CPU.Build.0 = Release|Any CPU
		{7B3E1CE5-D0C0-43A4-8062-F394E385B201}.Debug|Any CPU.ActiveCfg = Debug|Any CPU
		{7B3E1CE5-D0C0-43A4-8062-F394E385B201}.Debug|Any CPU.Build.0 = Debug|Any CPU
		{7B3E1CE5-D0C0-43A4-8062-F394E385B201}.Release|Any CPU.ActiveCfg = Release|Any CPU
		{7B3E1CE5-D0C0-43A4-8062-F394E385B201}.Release|Any CPU.Build.0 = Release|Any CPU
		{024360CF-E025-417E-932F-DB0ADA1E1BC1}.Debug|Any CPU.ActiveCfg = Debug|Any CPU
		{024360CF-E025-417E-932F-DB0ADA1E1BC1}.Debug|Any CPU.Build.0 = Debug|Any CPU
		{024360CF-E025-417E-932F-DB0ADA1E1BC1}.Release|Any CPU.ActiveCfg = Release|Any CPU
		{024360CF-E025-417E-932F-DB0ADA1E1BC1}.Release|Any CPU.Build.0 = Release|Any CPU
		{A621AC0C-20B4-4F9B-8FE7-F8DD6AAE0299}.Debug|Any CPU.ActiveCfg = Debug|Any CPU
		{A621AC0C-20B4-4F9B-8FE7-F8DD6AAE0299}.Debug|Any CPU.Build.0 = Debug|Any CPU
		{A621AC0C-20B4-4F9B-8FE7-F8DD6AAE0299}.Release|Any CPU.ActiveCfg = Release|Any CPU
		{A621AC0C-20B4-4F9B-8FE7-F8DD6AAE0299}.Release|Any CPU.Build.0 = Release|Any CPU
	EndGlobalSection
	GlobalSection(SolutionProperties) = preSolution
		HideSolutionNode = FALSE
	EndGlobalSection
	GlobalSection(ExtensibilityGlobals) = postSolution
		SolutionGuid = {4F5FD545-1350-418F-8C31-80EB396C105D}
	EndGlobalSection
EndGlobal
